// !$*UTF8*$!
{
	archiveVersion = 1;
	classes = {
	};
	objectVersion = 56;
	objects = {

/* Begin PBXBuildFile section */
		923872E02C5B88DC005FF5C1 /* AppDelegate.swift in Sources */ = {isa = PBXBuildFile; fileRef = 923872DF2C5B88DC005FF5C1 /* AppDelegate.swift */; };
		923872E92C5B88DE005FF5C1 /* Assets.xcassets in Resources */ = {isa = PBXBuildFile; fileRef = 923872E82C5B88DE005FF5C1 /* Assets.xcassets */; };
		923873192C5B89FF005FF5C1 /* CarDash.png in Resources */ = {isa = PBXBuildFile; fileRef = 923873182C5B89FF005FF5C1 /* CarDash.png */; };
		9238731C2C5B8F64005FF5C1 /* Main.storyboard in Resources */ = {isa = PBXBuildFile; fileRef = 9238731A2C5B8F64005FF5C1 /* Main.storyboard */; };
		9238731D2C5B8F64005FF5C1 /* LaunchScreen.storyboard in Resources */ = {isa = PBXBuildFile; fileRef = 9238731B2C5B8F64005FF5C1 /* LaunchScreen.storyboard */; };
		9238731F2C5B8F93005FF5C1 /* FileReader.swift in Sources */ = {isa = PBXBuildFile; fileRef = 9238731E2C5B8F93005FF5C1 /* FileReader.swift */; };
		923873212C5B8FB8005FF5C1 /* FileReaderError.swift in Sources */ = {isa = PBXBuildFile; fileRef = 923873202C5B8FB8005FF5C1 /* FileReaderError.swift */; };
		923873232C5B8FC8005FF5C1 /* CellIdentifiers.swift in Sources */ = {isa = PBXBuildFile; fileRef = 923873222C5B8FC8005FF5C1 /* CellIdentifiers.swift */; };
		923873252C5B8FF8005FF5C1 /* StringConstants.swift in Sources */ = {isa = PBXBuildFile; fileRef = 923873242C5B8FF8005FF5C1 /* StringConstants.swift */; };
		923873272C5B9005005FF5C1 /* SizeConstants.swift in Sources */ = {isa = PBXBuildFile; fileRef = 923873262C5B9005005FF5C1 /* SizeConstants.swift */; };
		923873292C5B90AB005FF5C1 /* UIView.swift in Sources */ = {isa = PBXBuildFile; fileRef = 923873282C5B90AB005FF5C1 /* UIView.swift */; };
		9238732B2C5B90BA005FF5C1 /* UITableViewExtension.swift in Sources */ = {isa = PBXBuildFile; fileRef = 9238732A2C5B90BA005FF5C1 /* UITableViewExtension.swift */; };
		9238732D2C5B9118005FF5C1 /* CarBrandViewModel.swift in Sources */ = {isa = PBXBuildFile; fileRef = 9238732C2C5B9118005FF5C1 /* CarBrandViewModel.swift */; };
		9238732F2C5B9128005FF5C1 /* VehicleBrandProtocol.swift in Sources */ = {isa = PBXBuildFile; fileRef = 9238732E2C5B9128005FF5C1 /* VehicleBrandProtocol.swift */; };
		923873362C5B91CE005FF5C1 /* CarBrandViewController.swift in Sources */ = {isa = PBXBuildFile; fileRef = 923873352C5B91CE005FF5C1 /* CarBrandViewController.swift */; };
		923873382C5B924F005FF5C1 /* CarBrandViewController+DataSourceDelegate.swift in Sources */ = {isa = PBXBuildFile; fileRef = 923873372C5B924F005FF5C1 /* CarBrandViewController+DataSourceDelegate.swift */; };
		923873422C5B942F005FF5C1 /* StatisticsViewController.swift in Sources */ = {isa = PBXBuildFile; fileRef = 923873412C5B942F005FF5C1 /* StatisticsViewController.swift */; };
		923873482C5B94BA005FF5C1 /* StatisticsViewController.xib in Resources */ = {isa = PBXBuildFile; fileRef = 923873472C5B94BA005FF5C1 /* StatisticsViewController.xib */; };
		9238734A2C5B9516005FF5C1 /* CarBrandHeader.swift in Sources */ = {isa = PBXBuildFile; fileRef = 923873492C5B9516005FF5C1 /* CarBrandHeader.swift */; };
		9238734C2C5B9553005FF5C1 /* CustomFlowLayout.swift in Sources */ = {isa = PBXBuildFile; fileRef = 9238734B2C5B9553005FF5C1 /* CustomFlowLayout.swift */; };
		9238734F2C5B95B1005FF5C1 /* TableHeaderSearchView.xib in Resources */ = {isa = PBXBuildFile; fileRef = 9238734D2C5B95B1005FF5C1 /* TableHeaderSearchView.xib */; };
		923873502C5B95B1005FF5C1 /* CarBrandHeader.xib in Resources */ = {isa = PBXBuildFile; fileRef = 9238734E2C5B95B1005FF5C1 /* CarBrandHeader.xib */; };
		923873522C5B95D3005FF5C1 /* TableHeaderSearchView.swift in Sources */ = {isa = PBXBuildFile; fileRef = 923873512C5B95D3005FF5C1 /* TableHeaderSearchView.swift */; };
		923873542C5B96D4005FF5C1 /* CarModelList.xib in Resources */ = {isa = PBXBuildFile; fileRef = 923873532C5B96D4005FF5C1 /* CarModelList.xib */; };
		923873582C5B97FF005FF5C1 /* CarBrandsCollectionCell.xib in Resources */ = {isa = PBXBuildFile; fileRef = 923873572C5B97FF005FF5C1 /* CarBrandsCollectionCell.xib */; };
		9238735A2C5B9823005FF5C1 /* CarBrandsCollectionCell.swift in Sources */ = {isa = PBXBuildFile; fileRef = 923873592C5B9823005FF5C1 /* CarBrandsCollectionCell.swift */; };
		9238735C2C5B98B3005FF5C1 /* CarBrandModel.swift in Sources */ = {isa = PBXBuildFile; fileRef = 9238735B2C5B98B3005FF5C1 /* CarBrandModel.swift */; };
		9238735E2C5B9942005FF5C1 /* CarBrands.json in Resources */ = {isa = PBXBuildFile; fileRef = 9238735D2C5B9942005FF5C1 /* CarBrands.json */; };
		923873602C5B9BC3005FF5C1 /* CarModelList.swift in Sources */ = {isa = PBXBuildFile; fileRef = 9238735F2C5B9BC3005FF5C1 /* CarModelList.swift */; };
/* End PBXBuildFile section */

/* Begin PBXContainerItemProxy section */
		923872F32C5B88DE005FF5C1 /* PBXContainerItemProxy */ = {
			isa = PBXContainerItemProxy;
			containerPortal = 923872D42C5B88DC005FF5C1 /* Project object */;
			proxyType = 1;
			remoteGlobalIDString = 923872DB2C5B88DC005FF5C1;
			remoteInfo = CarDashUIKit;
		};
		923872FD2C5B88DE005FF5C1 /* PBXContainerItemProxy */ = {
			isa = PBXContainerItemProxy;
			containerPortal = 923872D42C5B88DC005FF5C1 /* Project object */;
			proxyType = 1;
			remoteGlobalIDString = 923872DB2C5B88DC005FF5C1;
			remoteInfo = CarDashUIKit;
		};
/* End PBXContainerItemProxy section */

/* Begin PBXFileReference section */
		923872DC2C5B88DC005FF5C1 /* CarDashUIKit.app */ = {isa = PBXFileReference; explicitFileType = wrapper.application; includeInIndex = 0; path = CarDashUIKit.app; sourceTree = BUILT_PRODUCTS_DIR; };
		923872DF2C5B88DC005FF5C1 /* AppDelegate.swift */ = {isa = PBXFileReference; lastKnownFileType = sourcecode.swift; path = AppDelegate.swift; sourceTree = "<group>"; };
		923872E82C5B88DE005FF5C1 /* Assets.xcassets */ = {isa = PBXFileReference; lastKnownFileType = folder.assetcatalog; path = Assets.xcassets; sourceTree = "<group>"; };
		923872ED2C5B88DE005FF5C1 /* Info.plist */ = {isa = PBXFileReference; lastKnownFileType = text.plist.xml; path = Info.plist; sourceTree = "<group>"; };
		923872F22C5B88DE005FF5C1 /* CarDashUIKitTests.xctest */ = {isa = PBXFileReference; explicitFileType = wrapper.cfbundle; includeInIndex = 0; path = CarDashUIKitTests.xctest; sourceTree = BUILT_PRODUCTS_DIR; };
		923872FC2C5B88DE005FF5C1 /* CarDashUIKitUITests.xctest */ = {isa = PBXFileReference; explicitFileType = wrapper.cfbundle; includeInIndex = 0; path = CarDashUIKitUITests.xctest; sourceTree = BUILT_PRODUCTS_DIR; };
		923873182C5B89FF005FF5C1 /* CarDash.png */ = {isa = PBXFileReference; lastKnownFileType = image.png; path = CarDash.png; sourceTree = "<group>"; };
		9238731A2C5B8F64005FF5C1 /* Main.storyboard */ = {isa = PBXFileReference; fileEncoding = 4; lastKnownFileType = file.storyboard; path = Main.storyboard; sourceTree = "<group>"; };
		9238731B2C5B8F64005FF5C1 /* LaunchScreen.storyboard */ = {isa = PBXFileReference; fileEncoding = 4; lastKnownFileType = file.storyboard; path = LaunchScreen.storyboard; sourceTree = "<group>"; };
		9238731E2C5B8F93005FF5C1 /* FileReader.swift */ = {isa = PBXFileReference; lastKnownFileType = sourcecode.swift; path = FileReader.swift; sourceTree = "<group>"; };
		923873202C5B8FB8005FF5C1 /* FileReaderError.swift */ = {isa = PBXFileReference; lastKnownFileType = sourcecode.swift; path = FileReaderError.swift; sourceTree = "<group>"; };
		923873222C5B8FC8005FF5C1 /* CellIdentifiers.swift */ = {isa = PBXFileReference; lastKnownFileType = sourcecode.swift; path = CellIdentifiers.swift; sourceTree = "<group>"; };
		923873242C5B8FF8005FF5C1 /* StringConstants.swift */ = {isa = PBXFileReference; lastKnownFileType = sourcecode.swift; path = StringConstants.swift; sourceTree = "<group>"; };
		923873262C5B9005005FF5C1 /* SizeConstants.swift */ = {isa = PBXFileReference; lastKnownFileType = sourcecode.swift; path = SizeConstants.swift; sourceTree = "<group>"; };
		923873282C5B90AB005FF5C1 /* UIView.swift */ = {isa = PBXFileReference; lastKnownFileType = sourcecode.swift; path = UIView.swift; sourceTree = "<group>"; };
		9238732A2C5B90BA005FF5C1 /* UITableViewExtension.swift */ = {isa = PBXFileReference; lastKnownFileType = sourcecode.swift; path = UITableViewExtension.swift; sourceTree = "<group>"; };
		9238732C2C5B9118005FF5C1 /* CarBrandViewModel.swift */ = {isa = PBXFileReference; lastKnownFileType = sourcecode.swift; path = CarBrandViewModel.swift; sourceTree = "<group>"; };
		9238732E2C5B9128005FF5C1 /* VehicleBrandProtocol.swift */ = {isa = PBXFileReference; lastKnownFileType = sourcecode.swift; path = VehicleBrandProtocol.swift; sourceTree = "<group>"; };
		923873352C5B91CE005FF5C1 /* CarBrandViewController.swift */ = {isa = PBXFileReference; lastKnownFileType = sourcecode.swift; path = CarBrandViewController.swift; sourceTree = "<group>"; };
		923873372C5B924F005FF5C1 /* CarBrandViewController+DataSourceDelegate.swift */ = {isa = PBXFileReference; lastKnownFileType = sourcecode.swift; path = "CarBrandViewController+DataSourceDelegate.swift"; sourceTree = "<group>"; };
		923873412C5B942F005FF5C1 /* StatisticsViewController.swift */ = {isa = PBXFileReference; fileEncoding = 4; lastKnownFileType = sourcecode.swift; path = StatisticsViewController.swift; sourceTree = "<group>"; };
		923873472C5B94BA005FF5C1 /* StatisticsViewController.xib */ = {isa = PBXFileReference; fileEncoding = 4; lastKnownFileType = file.xib; path = StatisticsViewController.xib; sourceTree = "<group>"; };
		923873492C5B9516005FF5C1 /* CarBrandHeader.swift */ = {isa = PBXFileReference; lastKnownFileType = sourcecode.swift; path = CarBrandHeader.swift; sourceTree = "<group>"; };
		9238734B2C5B9553005FF5C1 /* CustomFlowLayout.swift */ = {isa = PBXFileReference; lastKnownFileType = sourcecode.swift; path = CustomFlowLayout.swift; sourceTree = "<group>"; };
		9238734D2C5B95B1005FF5C1 /* TableHeaderSearchView.xib */ = {isa = PBXFileReference; fileEncoding = 4; lastKnownFileType = file.xib; path = TableHeaderSearchView.xib; sourceTree = "<group>"; };
		9238734E2C5B95B1005FF5C1 /* CarBrandHeader.xib */ = {isa = PBXFileReference; fileEncoding = 4; lastKnownFileType = file.xib; path = CarBrandHeader.xib; sourceTree = "<group>"; };
		923873512C5B95D3005FF5C1 /* TableHeaderSearchView.swift */ = {isa = PBXFileReference; lastKnownFileType = sourcecode.swift; path = TableHeaderSearchView.swift; sourceTree = "<group>"; };
		923873532C5B96D4005FF5C1 /* CarModelList.xib */ = {isa = PBXFileReference; fileEncoding = 4; lastKnownFileType = file.xib; path = CarModelList.xib; sourceTree = "<group>"; };
		923873572C5B97FF005FF5C1 /* CarBrandsCollectionCell.xib */ = {isa = PBXFileReference; fileEncoding = 4; lastKnownFileType = file.xib; path = CarBrandsCollectionCell.xib; sourceTree = "<group>"; };
		923873592C5B9823005FF5C1 /* CarBrandsCollectionCell.swift */ = {isa = PBXFileReference; lastKnownFileType = sourcecode.swift; path = CarBrandsCollectionCell.swift; sourceTree = "<group>"; };
		9238735B2C5B98B3005FF5C1 /* CarBrandModel.swift */ = {isa = PBXFileReference; lastKnownFileType = sourcecode.swift; path = CarBrandModel.swift; sourceTree = "<group>"; };
		9238735D2C5B9942005FF5C1 /* CarBrands.json */ = {isa = PBXFileReference; lastKnownFileType = text.json; path = CarBrands.json; sourceTree = "<group>"; };
		9238735F2C5B9BC3005FF5C1 /* CarModelList.swift */ = {isa = PBXFileReference; fileEncoding = 4; lastKnownFileType = sourcecode.swift; path = CarModelList.swift; sourceTree = "<group>"; };
/* End PBXFileReference section */

/* Begin PBXFrameworksBuildPhase section */
		923872D92C5B88DC005FF5C1 /* Frameworks */ = {
			isa = PBXFrameworksBuildPhase;
			buildActionMask = 2147483647;
			files = (
			);
			runOnlyForDeploymentPostprocessing = 0;
		};
		923872EF2C5B88DE005FF5C1 /* Frameworks */ = {
			isa = PBXFrameworksBuildPhase;
			buildActionMask = 2147483647;
			files = (
			);
			runOnlyForDeploymentPostprocessing = 0;
		};
		923872F92C5B88DE005FF5C1 /* Frameworks */ = {
			isa = PBXFrameworksBuildPhase;
			buildActionMask = 2147483647;
			files = (
			);
			runOnlyForDeploymentPostprocessing = 0;
		};
/* End PBXFrameworksBuildPhase section */

/* Begin PBXGroup section */
		923872D32C5B88DC005FF5C1 = {
			isa = PBXGroup;
			children = (
				923872DF2C5B88DC005FF5C1 /* AppDelegate.swift */,
				923872DE2C5B88DC005FF5C1 /* CarDashUIKit */,
				923872DD2C5B88DC005FF5C1 /* Products */,
			);
			sourceTree = "<group>";
		};
		923872DD2C5B88DC005FF5C1 /* Products */ = {
			isa = PBXGroup;
			children = (
				923872DC2C5B88DC005FF5C1 /* CarDashUIKit.app */,
				923872F22C5B88DE005FF5C1 /* CarDashUIKitTests.xctest */,
				923872FC2C5B88DE005FF5C1 /* CarDashUIKitUITests.xctest */,
			);
			name = Products;
			sourceTree = "<group>";
		};
		923872DE2C5B88DC005FF5C1 /* CarDashUIKit */ = {
			isa = PBXGroup;
			children = (
				9238730F2C5B8908005FF5C1 /* CarDashListing */,
				923873132C5B895E005FF5C1 /* Utilities */,
				923873172C5B8999005FF5C1 /* Resources */,
				923872ED2C5B88DE005FF5C1 /* Info.plist */,
			);
			path = CarDashUIKit;
			sourceTree = "<group>";
		};
		9238730F2C5B8908005FF5C1 /* CarDashListing */ = {
			isa = PBXGroup;
			children = (
				923873102C5B892E005FF5C1 /* Model */,
				923873112C5B8936005FF5C1 /* View */,
				923873122C5B893D005FF5C1 /* ViewModel */,
			);
			path = CarDashListing;
			sourceTree = "<group>";
		};
		923873102C5B892E005FF5C1 /* Model */ = {
			isa = PBXGroup;
			children = (
				9238735B2C5B98B3005FF5C1 /* CarBrandModel.swift */,
			);
			path = Model;
			sourceTree = "<group>";
		};
		923873112C5B8936005FF5C1 /* View */ = {
			isa = PBXGroup;
			children = (
				923873312C5B9176005FF5C1 /* CarBrandViewController */,
				923873302C5B916C005FF5C1 /* StatisticsViewController */,
				923873322C5B9184005FF5C1 /* HeaderView */,
				923873332C5B918F005FF5C1 /* TableViewCell */,
				923873342C5B9196005FF5C1 /* CollectionViewCell */,
			);
			path = View;
			sourceTree = "<group>";
		};
		923873122C5B893D005FF5C1 /* ViewModel */ = {
			isa = PBXGroup;
			children = (
				9238732C2C5B9118005FF5C1 /* CarBrandViewModel.swift */,
				9238732E2C5B9128005FF5C1 /* VehicleBrandProtocol.swift */,
			);
			path = ViewModel;
			sourceTree = "<group>";
		};
		923873132C5B895E005FF5C1 /* Utilities */ = {
			isa = PBXGroup;
			children = (
				923873162C5B8989005FF5C1 /* FileReader */,
				923873152C5B897A005FF5C1 /* Constants */,
				923873142C5B8970005FF5C1 /* Extensions */,
			);
			path = Utilities;
			sourceTree = "<group>";
		};
		923873142C5B8970005FF5C1 /* Extensions */ = {
			isa = PBXGroup;
			children = (
				923873282C5B90AB005FF5C1 /* UIView.swift */,
				9238732A2C5B90BA005FF5C1 /* UITableViewExtension.swift */,
			);
			path = Extensions;
			sourceTree = "<group>";
		};
		923873152C5B897A005FF5C1 /* Constants */ = {
			isa = PBXGroup;
			children = (
				923873202C5B8FB8005FF5C1 /* FileReaderError.swift */,
				923873222C5B8FC8005FF5C1 /* CellIdentifiers.swift */,
				923873242C5B8FF8005FF5C1 /* StringConstants.swift */,
				923873262C5B9005005FF5C1 /* SizeConstants.swift */,
			);
			path = Constants;
			sourceTree = "<group>";
		};
		923873162C5B8989005FF5C1 /* FileReader */ = {
			isa = PBXGroup;
			children = (
				9238731E2C5B8F93005FF5C1 /* FileReader.swift */,
			);
			path = FileReader;
			sourceTree = "<group>";
		};
		923873172C5B8999005FF5C1 /* Resources */ = {
			isa = PBXGroup;
			children = (
				9238731B2C5B8F64005FF5C1 /* LaunchScreen.storyboard */,
				923872E82C5B88DE005FF5C1 /* Assets.xcassets */,
				9238731A2C5B8F64005FF5C1 /* Main.storyboard */,
				923873182C5B89FF005FF5C1 /* CarDash.png */,
				9238735D2C5B9942005FF5C1 /* CarBrands.json */,
			);
			path = Resources;
			sourceTree = "<group>";
		};
		923873302C5B916C005FF5C1 /* StatisticsViewController */ = {
			isa = PBXGroup;
			children = (
				923873412C5B942F005FF5C1 /* StatisticsViewController.swift */,
				923873472C5B94BA005FF5C1 /* StatisticsViewController.xib */,
			);
			path = StatisticsViewController;
			sourceTree = "<group>";
		};
		923873312C5B9176005FF5C1 /* CarBrandViewController */ = {
			isa = PBXGroup;
			children = (
				923873352C5B91CE005FF5C1 /* CarBrandViewController.swift */,
				923873372C5B924F005FF5C1 /* CarBrandViewController+DataSourceDelegate.swift */,
			);
			path = CarBrandViewController;
			sourceTree = "<group>";
		};
		923873322C5B9184005FF5C1 /* HeaderView */ = {
			isa = PBXGroup;
			children = (
				923873492C5B9516005FF5C1 /* CarBrandHeader.swift */,
				9238734E2C5B95B1005FF5C1 /* CarBrandHeader.xib */,
				923873512C5B95D3005FF5C1 /* TableHeaderSearchView.swift */,
				9238734D2C5B95B1005FF5C1 /* TableHeaderSearchView.xib */,
				9238734B2C5B9553005FF5C1 /* CustomFlowLayout.swift */,
			);
			path = HeaderView;
			sourceTree = "<group>";
		};
		923873332C5B918F005FF5C1 /* TableViewCell */ = {
			isa = PBXGroup;
			children = (
				9238735F2C5B9BC3005FF5C1 /* CarModelList.swift */,
				923873532C5B96D4005FF5C1 /* CarModelList.xib */,
			);
			path = TableViewCell;
			sourceTree = "<group>";
		};
		923873342C5B9196005FF5C1 /* CollectionViewCell */ = {
			isa = PBXGroup;
			children = (
				923873572C5B97FF005FF5C1 /* CarBrandsCollectionCell.xib */,
				923873592C5B9823005FF5C1 /* CarBrandsCollectionCell.swift */,
			);
			path = CollectionViewCell;
			sourceTree = "<group>";
		};
/* End PBXGroup section */

/* Begin PBXNativeTarget section */
		923872DB2C5B88DC005FF5C1 /* CarDashUIKit */ = {
			isa = PBXNativeTarget;
			buildConfigurationList = 923873062C5B88DE005FF5C1 /* Build configuration list for PBXNativeTarget "CarDashUIKit" */;
			buildPhases = (
				923872D82C5B88DC005FF5C1 /* Sources */,
				923872D92C5B88DC005FF5C1 /* Frameworks */,
				923872DA2C5B88DC005FF5C1 /* Resources */,
			);
			buildRules = (
			);
			dependencies = (
			);
			name = CarDashUIKit;
			productName = CarDashUIKit;
			productReference = 923872DC2C5B88DC005FF5C1 /* CarDashUIKit.app */;
			productType = "com.apple.product-type.application";
		};
		923872F12C5B88DE005FF5C1 /* CarDashUIKitTests */ = {
			isa = PBXNativeTarget;
			buildConfigurationList = 923873092C5B88DE005FF5C1 /* Build configuration list for PBXNativeTarget "CarDashUIKitTests" */;
			buildPhases = (
				923872EE2C5B88DE005FF5C1 /* Sources */,
				923872EF2C5B88DE005FF5C1 /* Frameworks */,
				923872F02C5B88DE005FF5C1 /* Resources */,
			);
			buildRules = (
			);
			dependencies = (
				923872F42C5B88DE005FF5C1 /* PBXTargetDependency */,
			);
			name = CarDashUIKitTests;
			productName = CarDashUIKitTests;
			productReference = 923872F22C5B88DE005FF5C1 /* CarDashUIKitTests.xctest */;
			productType = "com.apple.product-type.bundle.unit-test";
		};
		923872FB2C5B88DE005FF5C1 /* CarDashUIKitUITests */ = {
			isa = PBXNativeTarget;
			buildConfigurationList = 9238730C2C5B88DE005FF5C1 /* Build configuration list for PBXNativeTarget "CarDashUIKitUITests" */;
			buildPhases = (
				923872F82C5B88DE005FF5C1 /* Sources */,
				923872F92C5B88DE005FF5C1 /* Frameworks */,
				923872FA2C5B88DE005FF5C1 /* Resources */,
			);
			buildRules = (
			);
			dependencies = (
				923872FE2C5B88DE005FF5C1 /* PBXTargetDependency */,
			);
			name = CarDashUIKitUITests;
			productName = CarDashUIKitUITests;
			productReference = 923872FC2C5B88DE005FF5C1 /* CarDashUIKitUITests.xctest */;
			productType = "com.apple.product-type.bundle.ui-testing";
		};
/* End PBXNativeTarget section */

/* Begin PBXProject section */
		923872D42C5B88DC005FF5C1 /* Project object */ = {
			isa = PBXProject;
			attributes = {
				BuildIndependentTargetsInParallel = 1;
				LastSwiftUpdateCheck = 1500;
				LastUpgradeCheck = 1500;
				TargetAttributes = {
					923872DB2C5B88DC005FF5C1 = {
						CreatedOnToolsVersion = 15.0;
					};
					923872F12C5B88DE005FF5C1 = {
						CreatedOnToolsVersion = 15.0;
						TestTargetID = 923872DB2C5B88DC005FF5C1;
					};
					923872FB2C5B88DE005FF5C1 = {
						CreatedOnToolsVersion = 15.0;
						TestTargetID = 923872DB2C5B88DC005FF5C1;
					};
				};
			};
			buildConfigurationList = 923872D72C5B88DC005FF5C1 /* Build configuration list for PBXProject "CarDashUIKit" */;
			compatibilityVersion = "Xcode 14.0";
			developmentRegion = en;
			hasScannedForEncodings = 0;
			knownRegions = (
				en,
				Base,
			);
			mainGroup = 923872D32C5B88DC005FF5C1;
			productRefGroup = 923872DD2C5B88DC005FF5C1 /* Products */;
			projectDirPath = "";
			projectRoot = "";
			targets = (
				923872DB2C5B88DC005FF5C1 /* CarDashUIKit */,
				923872F12C5B88DE005FF5C1 /* CarDashUIKitTests */,
				923872FB2C5B88DE005FF5C1 /* CarDashUIKitUITests */,
			);
		};
/* End PBXProject section */

/* Begin PBXResourcesBuildPhase section */
		923872DA2C5B88DC005FF5C1 /* Resources */ = {
			isa = PBXResourcesBuildPhase;
			buildActionMask = 2147483647;
			files = (
				9238735E2C5B9942005FF5C1 /* CarBrands.json in Resources */,
				923873192C5B89FF005FF5C1 /* CarDash.png in Resources */,
				9238731C2C5B8F64005FF5C1 /* Main.storyboard in Resources */,
				9238734F2C5B95B1005FF5C1 /* TableHeaderSearchView.xib in Resources */,
				9238731D2C5B8F64005FF5C1 /* LaunchScreen.storyboard in Resources */,
				923873542C5B96D4005FF5C1 /* CarModelList.xib in Resources */,
				923872E92C5B88DE005FF5C1 /* Assets.xcassets in Resources */,
				923873482C5B94BA005FF5C1 /* StatisticsViewController.xib in Resources */,
				923873582C5B97FF005FF5C1 /* CarBrandsCollectionCell.xib in Resources */,
				923873502C5B95B1005FF5C1 /* CarBrandHeader.xib in Resources */,
			);
			runOnlyForDeploymentPostprocessing = 0;
		};
		923872F02C5B88DE005FF5C1 /* Resources */ = {
			isa = PBXResourcesBuildPhase;
			buildActionMask = 2147483647;
			files = (
			);
			runOnlyForDeploymentPostprocessing = 0;
		};
		923872FA2C5B88DE005FF5C1 /* Resources */ = {
			isa = PBXResourcesBuildPhase;
			buildActionMask = 2147483647;
			files = (
			);
			runOnlyForDeploymentPostprocessing = 0;
		};
/* End PBXResourcesBuildPhase section */

/* Begin PBXSourcesBuildPhase section */
		923872D82C5B88DC005FF5C1 /* Sources */ = {
			isa = PBXSourcesBuildPhase;
			buildActionMask = 2147483647;
			files = (
				923873292C5B90AB005FF5C1 /* UIView.swift in Sources */,
				9238732F2C5B9128005FF5C1 /* VehicleBrandProtocol.swift in Sources */,
				9238734C2C5B9553005FF5C1 /* CustomFlowLayout.swift in Sources */,
				9238731F2C5B8F93005FF5C1 /* FileReader.swift in Sources */,
				923873602C5B9BC3005FF5C1 /* CarModelList.swift in Sources */,
				9238735C2C5B98B3005FF5C1 /* CarBrandModel.swift in Sources */,
				923873212C5B8FB8005FF5C1 /* FileReaderError.swift in Sources */,
				923873252C5B8FF8005FF5C1 /* StringConstants.swift in Sources */,
				923873382C5B924F005FF5C1 /* CarBrandViewController+DataSourceDelegate.swift in Sources */,
				923873272C5B9005005FF5C1 /* SizeConstants.swift in Sources */,
				923873362C5B91CE005FF5C1 /* CarBrandViewController.swift in Sources */,
				9238732B2C5B90BA005FF5C1 /* UITableViewExtension.swift in Sources */,
				923873522C5B95D3005FF5C1 /* TableHeaderSearchView.swift in Sources */,
				9238735A2C5B9823005FF5C1 /* CarBrandsCollectionCell.swift in Sources */,
				9238734A2C5B9516005FF5C1 /* CarBrandHeader.swift in Sources */,
				9238732D2C5B9118005FF5C1 /* CarBrandViewModel.swift in Sources */,
				923872E02C5B88DC005FF5C1 /* AppDelegate.swift in Sources */,
				923873232C5B8FC8005FF5C1 /* CellIdentifiers.swift in Sources */,
				923873422C5B942F005FF5C1 /* StatisticsViewController.swift in Sources */,
			);
			runOnlyForDeploymentPostprocessing = 0;
		};
		923872EE2C5B88DE005FF5C1 /* Sources */ = {
			isa = PBXSourcesBuildPhase;
			buildActionMask = 2147483647;
			files = (
			);
			runOnlyForDeploymentPostprocessing = 0;
		};
		923872F82C5B88DE005FF5C1 /* Sources */ = {
			isa = PBXSourcesBuildPhase;
			buildActionMask = 2147483647;
			files = (
			);
			runOnlyForDeploymentPostprocessing = 0;
		};
/* End PBXSourcesBuildPhase section */

/* Begin PBXTargetDependency section */
		923872F42C5B88DE005FF5C1 /* PBXTargetDependency */ = {
			isa = PBXTargetDependency;
			target = 923872DB2C5B88DC005FF5C1 /* CarDashUIKit */;
			targetProxy = 923872F32C5B88DE005FF5C1 /* PBXContainerItemProxy */;
		};
		923872FE2C5B88DE005FF5C1 /* PBXTargetDependency */ = {
			isa = PBXTargetDependency;
			target = 923872DB2C5B88DC005FF5C1 /* CarDashUIKit */;
			targetProxy = 923872FD2C5B88DE005FF5C1 /* PBXContainerItemProxy */;
		};
/* End PBXTargetDependency section */

/* Begin XCBuildConfiguration section */
		923873042C5B88DE005FF5C1 /* Debug */ = {
			isa = XCBuildConfiguration;
			buildSettings = {
				ALWAYS_SEARCH_USER_PATHS = NO;
				ASSETCATALOG_COMPILER_GENERATE_SWIFT_ASSET_SYMBOL_EXTENSIONS = YES;
				CLANG_ANALYZER_NONNULL = YES;
				CLANG_ANALYZER_NUMBER_OBJECT_CONVERSION = YES_AGGRESSIVE;
				CLANG_CXX_LANGUAGE_STANDARD = "gnu++20";
				CLANG_ENABLE_MODULES = YES;
				CLANG_ENABLE_OBJC_ARC = YES;
				CLANG_ENABLE_OBJC_WEAK = YES;
				CLANG_WARN_BLOCK_CAPTURE_AUTORELEASING = YES;
				CLANG_WARN_BOOL_CONVERSION = YES;
				CLANG_WARN_COMMA = YES;
				CLANG_WARN_CONSTANT_CONVERSION = YES;
				CLANG_WARN_DEPRECATED_OBJC_IMPLEMENTATIONS = YES;
				CLANG_WARN_DIRECT_OBJC_ISA_USAGE = YES_ERROR;
				CLANG_WARN_DOCUMENTATION_COMMENTS = YES;
				CLANG_WARN_EMPTY_BODY = YES;
				CLANG_WARN_ENUM_CONVERSION = YES;
				CLANG_WARN_INFINITE_RECURSION = YES;
				CLANG_WARN_INT_CONVERSION = YES;
				CLANG_WARN_NON_LITERAL_NULL_CONVERSION = YES;
				CLANG_WARN_OBJC_IMPLICIT_RETAIN_SELF = YES;
				CLANG_WARN_OBJC_LITERAL_CONVERSION = YES;
				CLANG_WARN_OBJC_ROOT_CLASS = YES_ERROR;
				CLANG_WARN_QUOTED_INCLUDE_IN_FRAMEWORK_HEADER = YES;
				CLANG_WARN_RANGE_LOOP_ANALYSIS = YES;
				CLANG_WARN_STRICT_PROTOTYPES = YES;
				CLANG_WARN_SUSPICIOUS_MOVE = YES;
				CLANG_WARN_UNGUARDED_AVAILABILITY = YES_AGGRESSIVE;
				CLANG_WARN_UNREACHABLE_CODE = YES;
				CLANG_WARN__DUPLICATE_METHOD_MATCH = YES;
				COPY_PHASE_STRIP = NO;
				DEBUG_INFORMATION_FORMAT = dwarf;
				ENABLE_STRICT_OBJC_MSGSEND = YES;
				ENABLE_TESTABILITY = YES;
				ENABLE_USER_SCRIPT_SANDBOXING = YES;
				GCC_C_LANGUAGE_STANDARD = gnu17;
				GCC_DYNAMIC_NO_PIC = NO;
				GCC_NO_COMMON_BLOCKS = YES;
				GCC_OPTIMIZATION_LEVEL = 0;
				GCC_PREPROCESSOR_DEFINITIONS = (
					"DEBUG=1",
					"$(inherited)",
				);
				GCC_WARN_64_TO_32_BIT_CONVERSION = YES;
				GCC_WARN_ABOUT_RETURN_TYPE = YES_ERROR;
				GCC_WARN_UNDECLARED_SELECTOR = YES;
				GCC_WARN_UNINITIALIZED_AUTOS = YES_AGGRESSIVE;
				GCC_WARN_UNUSED_FUNCTION = YES;
				GCC_WARN_UNUSED_VARIABLE = YES;
				IPHONEOS_DEPLOYMENT_TARGET = 17.0;
				LOCALIZATION_PREFERS_STRING_CATALOGS = YES;
				MTL_ENABLE_DEBUG_INFO = INCLUDE_SOURCE;
				MTL_FAST_MATH = YES;
				ONLY_ACTIVE_ARCH = YES;
				SDKROOT = iphoneos;
				SWIFT_ACTIVE_COMPILATION_CONDITIONS = "DEBUG $(inherited)";
				SWIFT_OPTIMIZATION_LEVEL = "-Onone";
			};
			name = Debug;
		};
		923873052C5B88DE005FF5C1 /* Release */ = {
			isa = XCBuildConfiguration;
			buildSettings = {
				ALWAYS_SEARCH_USER_PATHS = NO;
				ASSETCATALOG_COMPILER_GENERATE_SWIFT_ASSET_SYMBOL_EXTENSIONS = YES;
				CLANG_ANALYZER_NONNULL = YES;
				CLANG_ANALYZER_NUMBER_OBJECT_CONVERSION = YES_AGGRESSIVE;
				CLANG_CXX_LANGUAGE_STANDARD = "gnu++20";
				CLANG_ENABLE_MODULES = YES;
				CLANG_ENABLE_OBJC_ARC = YES;
				CLANG_ENABLE_OBJC_WEAK = YES;
				CLANG_WARN_BLOCK_CAPTURE_AUTORELEASING = YES;
				CLANG_WARN_BOOL_CONVERSION = YES;
				CLANG_WARN_COMMA = YES;
				CLANG_WARN_CONSTANT_CONVERSION = YES;
				CLANG_WARN_DEPRECATED_OBJC_IMPLEMENTATIONS = YES;
				CLANG_WARN_DIRECT_OBJC_ISA_USAGE = YES_ERROR;
				CLANG_WARN_DOCUMENTATION_COMMENTS = YES;
				CLANG_WARN_EMPTY_BODY = YES;
				CLANG_WARN_ENUM_CONVERSION = YES;
				CLANG_WARN_INFINITE_RECURSION = YES;
				CLANG_WARN_INT_CONVERSION = YES;
				CLANG_WARN_NON_LITERAL_NULL_CONVERSION = YES;
				CLANG_WARN_OBJC_IMPLICIT_RETAIN_SELF = YES;
				CLANG_WARN_OBJC_LITERAL_CONVERSION = YES;
				CLANG_WARN_OBJC_ROOT_CLASS = YES_ERROR;
				CLANG_WARN_QUOTED_INCLUDE_IN_FRAMEWORK_HEADER = YES;
				CLANG_WARN_RANGE_LOOP_ANALYSIS = YES;
				CLANG_WARN_STRICT_PROTOTYPES = YES;
				CLANG_WARN_SUSPICIOUS_MOVE = YES;
				CLANG_WARN_UNGUARDED_AVAILABILITY = YES_AGGRESSIVE;
				CLANG_WARN_UNREACHABLE_CODE = YES;
				CLANG_WARN__DUPLICATE_METHOD_MATCH = YES;
				COPY_PHASE_STRIP = NO;
				DEBUG_INFORMATION_FORMAT = "dwarf-with-dsym";
				ENABLE_NS_ASSERTIONS = NO;
				ENABLE_STRICT_OBJC_MSGSEND = YES;
				ENABLE_USER_SCRIPT_SANDBOXING = YES;
				GCC_C_LANGUAGE_STANDARD = gnu17;
				GCC_NO_COMMON_BLOCKS = YES;
				GCC_WARN_64_TO_32_BIT_CONVERSION = YES;
				GCC_WARN_ABOUT_RETURN_TYPE = YES_ERROR;
				GCC_WARN_UNDECLARED_SELECTOR = YES;
				GCC_WARN_UNINITIALIZED_AUTOS = YES_AGGRESSIVE;
				GCC_WARN_UNUSED_FUNCTION = YES;
				GCC_WARN_UNUSED_VARIABLE = YES;
				IPHONEOS_DEPLOYMENT_TARGET = 17.0;
				LOCALIZATION_PREFERS_STRING_CATALOGS = YES;
				MTL_ENABLE_DEBUG_INFO = NO;
				MTL_FAST_MATH = YES;
				SDKROOT = iphoneos;
				SWIFT_COMPILATION_MODE = wholemodule;
				VALIDATE_PRODUCT = YES;
			};
			name = Release;
		};
		923873072C5B88DE005FF5C1 /* Debug */ = {
			isa = XCBuildConfiguration;
			buildSettings = {
				ASSETCATALOG_COMPILER_APPICON_NAME = AppIcon;
				ASSETCATALOG_COMPILER_GLOBAL_ACCENT_COLOR_NAME = AccentColor;
				CODE_SIGN_STYLE = Automatic;
				CURRENT_PROJECT_VERSION = 1;
				DEVELOPMENT_TEAM = K44L3R6UT8;
				GENERATE_INFOPLIST_FILE = YES;
				INFOPLIST_FILE = CarDashUIKit/Info.plist;
				INFOPLIST_KEY_UIApplicationSupportsIndirectInputEvents = YES;
				INFOPLIST_KEY_UILaunchStoryboardName = LaunchScreen;
				INFOPLIST_KEY_UIMainStoryboardFile = Main;
				INFOPLIST_KEY_UISupportedInterfaceOrientations_iPad = "UIInterfaceOrientationPortrait UIInterfaceOrientationPortraitUpsideDown UIInterfaceOrientationLandscapeLeft UIInterfaceOrientationLandscapeRight";
				INFOPLIST_KEY_UISupportedInterfaceOrientations_iPhone = "UIInterfaceOrientationPortrait UIInterfaceOrientationLandscapeLeft UIInterfaceOrientationLandscapeRight";
				LD_RUNPATH_SEARCH_PATHS = (
					"$(inherited)",
					"@executable_path/Frameworks",
				);
				MARKETING_VERSION = 1.0;
				PRODUCT_BUNDLE_IDENTIFIER = com.cardash.CarDashUIKit;
				PRODUCT_NAME = "$(TARGET_NAME)";
				SUPPORTED_PLATFORMS = "iphoneos iphonesimulator";
				SUPPORTS_MACCATALYST = NO;
				SUPPORTS_MAC_DESIGNED_FOR_IPHONE_IPAD = NO;
				SWIFT_EMIT_LOC_STRINGS = YES;
				SWIFT_VERSION = 5.0;
				TARGETED_DEVICE_FAMILY = 1;
			};
			name = Debug;
		};
		923873082C5B88DE005FF5C1 /* Release */ = {
			isa = XCBuildConfiguration;
			buildSettings = {
				ASSETCATALOG_COMPILER_APPICON_NAME = AppIcon;
				ASSETCATALOG_COMPILER_GLOBAL_ACCENT_COLOR_NAME = AccentColor;
				CODE_SIGN_STYLE = Automatic;
				CURRENT_PROJECT_VERSION = 1;
				DEVELOPMENT_TEAM = K44L3R6UT8;
				GENERATE_INFOPLIST_FILE = YES;
				INFOPLIST_FILE = CarDashUIKit/Info.plist;
				INFOPLIST_KEY_UIApplicationSupportsIndirectInputEvents = YES;
				INFOPLIST_KEY_UILaunchStoryboardName = LaunchScreen;
				INFOPLIST_KEY_UIMainStoryboardFile = Main;
				INFOPLIST_KEY_UISupportedInterfaceOrientations_iPad = "UIInterfaceOrientationPortrait UIInterfaceOrientationPortraitUpsideDown UIInterfaceOrientationLandscapeLeft UIInterfaceOrientationLandscapeRight";
				INFOPLIST_KEY_UISupportedInterfaceOrientations_iPhone = "UIInterfaceOrientationPortrait UIInterfaceOrientationLandscapeLeft UIInterfaceOrientationLandscapeRight";
				LD_RUNPATH_SEARCH_PATHS = (
					"$(inherited)",
					"@executable_path/Frameworks",
				);
				MARKETING_VERSION = 1.0;
				PRODUCT_BUNDLE_IDENTIFIER = com.cardash.CarDashUIKit;
				PRODUCT_NAME = "$(TARGET_NAME)";
				SUPPORTED_PLATFORMS = "iphoneos iphonesimulator";
				SUPPORTS_MACCATALYST = NO;
				SUPPORTS_MAC_DESIGNED_FOR_IPHONE_IPAD = NO;
				SWIFT_EMIT_LOC_STRINGS = YES;
				SWIFT_VERSION = 5.0;
				TARGETED_DEVICE_FAMILY = 1;
			};
			name = Release;
		};
		9238730A2C5B88DE005FF5C1 /* Debug */ = {
			isa = XCBuildConfiguration;
			buildSettings = {
				ALWAYS_EMBED_SWIFT_STANDARD_LIBRARIES = YES;
				BUNDLE_LOADER = "$(TEST_HOST)";
				CODE_SIGN_STYLE = Automatic;
				CURRENT_PROJECT_VERSION = 1;
				DEVELOPMENT_TEAM = K44L3R6UT8;
				GENERATE_INFOPLIST_FILE = YES;
				IPHONEOS_DEPLOYMENT_TARGET = 17.0;
				MARKETING_VERSION = 1.0;
				PRODUCT_BUNDLE_IDENTIFIER = com.cardash.CarDashUIKitTests;
				PRODUCT_NAME = "$(TARGET_NAME)";
				SWIFT_EMIT_LOC_STRINGS = NO;
				SWIFT_VERSION = 5.0;
				TARGETED_DEVICE_FAMILY = "1,2";
				TEST_HOST = "$(BUILT_PRODUCTS_DIR)/CarDashUIKit.app/$(BUNDLE_EXECUTABLE_FOLDER_PATH)/CarDashUIKit";
			};
			name = Debug;
		};
		9238730B2C5B88DE005FF5C1 /* Release */ = {
			isa = XCBuildConfiguration;
			buildSettings = {
				ALWAYS_EMBED_SWIFT_STANDARD_LIBRARIES = YES;
				BUNDLE_LOADER = "$(TEST_HOST)";
				CODE_SIGN_STYLE = Automatic;
				CURRENT_PROJECT_VERSION = 1;
				DEVELOPMENT_TEAM = K44L3R6UT8;
				GENERATE_INFOPLIST_FILE = YES;
				IPHONEOS_DEPLOYMENT_TARGET = 17.0;
				MARKETING_VERSION = 1.0;
				PRODUCT_BUNDLE_IDENTIFIER = com.cardash.CarDashUIKitTests;
				PRODUCT_NAME = "$(TARGET_NAME)";
				SWIFT_EMIT_LOC_STRINGS = NO;
				SWIFT_VERSION = 5.0;
				TARGETED_DEVICE_FAMILY = "1,2";
				TEST_HOST = "$(BUILT_PRODUCTS_DIR)/CarDashUIKit.app/$(BUNDLE_EXECUTABLE_FOLDER_PATH)/CarDashUIKit";
			};
			name = Release;
		};
		9238730D2C5B88DE005FF5C1 /* Debug */ = {
			isa = XCBuildConfiguration;
			buildSettings = {
				ALWAYS_EMBED_SWIFT_STANDARD_LIBRARIES = YES;
				CODE_SIGN_STYLE = Automatic;
				CURRENT_PROJECT_VERSION = 1;
				DEVELOPMENT_TEAM = K44L3R6UT8;
				GENERATE_INFOPLIST_FILE = YES;
				MARKETING_VERSION = 1.0;
				PRODUCT_BUNDLE_IDENTIFIER = com.cardash.CarDashUIKitUITests;
				PRODUCT_NAME = "$(TARGET_NAME)";
				SWIFT_EMIT_LOC_STRINGS = NO;
				SWIFT_VERSION = 5.0;
				TARGETED_DEVICE_FAMILY = "1,2";
				TEST_TARGET_NAME = CarDashUIKit;
			};
			name = Debug;
		};
		9238730E2C5B88DE005FF5C1 /* Release */ = {
			isa = XCBuildConfiguration;
			buildSettings = {
				ALWAYS_EMBED_SWIFT_STANDARD_LIBRARIES = YES;
				CODE_SIGN_STYLE = Automatic;
				CURRENT_PROJECT_VERSION = 1;
				DEVELOPMENT_TEAM = K44L3R6UT8;
				GENERATE_INFOPLIST_FILE = YES;
				MARKETING_VERSION = 1.0;
				PRODUCT_BUNDLE_IDENTIFIER = com.cardash.CarDashUIKitUITests;
				PRODUCT_NAME = "$(TARGET_NAME)";
				SWIFT_EMIT_LOC_STRINGS = NO;
				SWIFT_VERSION = 5.0;
				TARGETED_DEVICE_FAMILY = "1,2";
				TEST_TARGET_NAME = CarDashUIKit;
			};
			name = Release;
		};
/* End XCBuildConfiguration section */

/* Begin XCConfigurationList section */
		923872D72C5B88DC005FF5C1 /* Build configuration list for PBXProject "CarDashUIKit" */ = {
			isa = XCConfigurationList;
			buildConfigurations = (
				923873042C5B88DE005FF5C1 /* Debug */,
				923873052C5B88DE005FF5C1 /* Release */,
			);
			defaultConfigurationIsVisible = 0;
			defaultConfigurationName = Release;
		};
		923873062C5B88DE005FF5C1 /* Build configuration list for PBXNativeTarget "CarDashUIKit" */ = {
			isa = XCConfigurationList;
			buildConfigurations = (
				923873072C5B88DE005FF5C1 /* Debug */,
				923873082C5B88DE005FF5C1 /* Release */,
			);
			defaultConfigurationIsVisible = 0;
			defaultConfigurationName = Release;
		};
		923873092C5B88DE005FF5C1 /* Build configuration list for PBXNativeTarget "CarDashUIKitTests" */ = {
			isa = XCConfigurationList;
			buildConfigurations = (
				9238730A2C5B88DE005FF5C1 /* Debug */,
				9238730B2C5B88DE005FF5C1 /* Release */,
			);
			defaultConfigurationIsVisible = 0;
			defaultConfigurationName = Release;
		};
		9238730C2C5B88DE005FF5C1 /* Build configuration list for PBXNativeTarget "CarDashUIKitUITests" */ = {
			isa = XCConfigurationList;
			buildConfigurations = (
				9238730D2C5B88DE005FF5C1 /* Debug */,
				9238730E2C5B88DE005FF5C1 /* Release */,
			);
			defaultConfigurationIsVisible = 0;
			defaultConfigurationName = Release;
		};
/* End XCConfigurationList section */
	};
	rootObject = 923872D42C5B88DC005FF5C1 /* Project object */;
}
